# THIS IS AN AUTOGENERATED FILE. DO NOT EDIT THIS FILE DIRECTLY.
# yarn lockfile v1


bootstrap@^5.1.1:
  version "5.1.3"
  resolved "https://registry.yarnpkg.com/bootstrap/-/bootstrap-5.1.3.tgz#ba081b0c130f810fa70900acbc1c6d3c28fa8f34"
  integrity sha512-fcQztozJ8jToQWXxVuEyXWW+dSo8AiXWKwiSSrKWsRB/Qt+Ewwza+JWoLKiTuQLaEPhdNAJ7+Dosc9DOIqNy7Q==

jquery-ui-dist@^1.12.0:
  version "1.13.1"
  resolved "https://registry.yarnpkg.com/jquery-ui-dist/-/jquery-ui-dist-1.13.1.tgz#47dcc1bf9cec141221ece59b2c8eaabad846ec0e"
  integrity sha512-Y711Pu4BRVrAlL58KSxX4ail74jaCJZaZcdNDLava+MgZeNwmVWmyYiK7KxyoJu1MB73eSunjJvYDbOuNrOA7w==
  dependencies:
    jquery ">=1.8.0 <4.0.0"

jquery-ui-themes@^1.12.0:
  version "1.12.0"
  resolved "https://registry.yarnpkg.com/jquery-ui-themes/-/jquery-ui-themes-1.12.0.tgz#a57ba0ad96800d84522fe76893ffcbde67081d51"
  integrity sha1-pXugrZaADYRSL+dok//L3mcIHVE=

"jquery@>=1.8.0 <4.0.0":
  version "3.6.0"
  resolved "https://registry.yarnpkg.com/jquery/-/jquery-3.6.0.tgz#c72a09f15c1bdce142f49dbf1170bdf8adac2470"
  integrity sha512-JVzAR/AjBvVt2BmYhxRCSYysDsPcssdmTFnzyLEts9qNwmjmu4JTAMYubEfwVOSwpQ1I1sKKFcxhZCI2buerfw==

jquery@^3.5.0:
  version "3.5.0"
  resolved "https://registry.yarnpkg.com/jquery/-/jquery-3.5.0.tgz#9980b97d9e4194611c36530e7dc46a58d7340fc9"
  integrity sha512-Xb7SVYMvygPxbFMpTFQiHh1J7HClEaThguL15N/Gg37Lri/qKyhRGZYzHRyLH8Stq3Aow0LsHO2O2ci86fCrNQ==

popper.js@^1.16.1:
  version "1.16.1"
  resolved "https://registry.yarnpkg.com/popper.js/-/popper.js-1.16.1.tgz#2a223cb3dc7b6213d740e40372be40de43e65b1b"
  integrity sha512-Wb4p1J4zyFTbM+u6WuO4XstYx4Ky9Cewe4DWrel7B0w6VVICvPwdOpotjzcf6eD8TsckVnIMNONQyPIUFOUbCQ==
